
Microsoft Visual Studio Solution File, Format Version 12.00
# Visual Studio 15
VisualStudioVersion = 15.0.27428.2037
MinimumVisualStudioVersion = 10.0.40219.1
Project("{8BC9CEB8-8B4A-11D0-8D11-00A0C91BC942}") = "3d_2d_registration", "3d_2d_registration\3d_2d_registration.vcxproj", "{B1605446-7A78-4898-98CE-82BE8BB9C850}"
EndProject
Project("{8BC9CEB8-8B4A-11D0-8D11-00A0C91BC942}") = "DSAReader", "DSAReader\DSAReader.vcxproj", "{96AC5DE8-659F-48B3-9496-CB2E0315FE48}"
EndProject
Project("{8BC9CEB8-8B4A-11D0-8D11-00A0C91BC942}") = "Viewer", "Viewer\Viewer.vcxproj", "{B12702AD-ABFB-343A-A199-8E24837244A3}"
EndProject
Global
	GlobalSection(SolutionConfigurationPlatforms) = preSolution
		Debug|x64 = Debug|x64
		Debug|x86 = Debug|x86
		Release|x64 = Release|x64
		Release|x86 = Release|x86
	EndGlobalSection
	GlobalSection(ProjectConfigurationPlatforms) = postSolution
		{B1605446-7A78-4898-98CE-82BE8BB9C850}.Debug|x64.ActiveCfg = Debug|x64
		{B1605446-7A78-4898-98CE-82BE8BB9C850}.Debug|x64.Build.0 = Debug|x64
		{B1605446-7A78-4898-98CE-82BE8BB9C850}.Debug|x86.ActiveCfg = Debug|Win32
		{B1605446-7A78-4898-98CE-82BE8BB9C850}.Debug|x86.Build.0 = Debug|Win32
		{B1605446-7A78-4898-98CE-82BE8BB9C850}.Release|x64.ActiveCfg = Release|x64
		{B1605446-7A78-4898-98CE-82BE8BB9C850}.Release|x64.Build.0 = Release|x64
		{B1605446-7A78-4898-98CE-82BE8BB9C850}.Release|x86.ActiveCfg = Release|Win32
		{B1605446-7A78-4898-98CE-82BE8BB9C850}.Release|x86.Build.0 = Release|Win32
		{96AC5DE8-659F-48B3-9496-CB2E0315FE48}.Debug|x64.ActiveCfg = Debug|x64
		{96AC5DE8-659F-48B3-9496-CB2E0315FE48}.Debug|x64.Build.0 = Debug|x64
		{96AC5DE8-659F-48B3-9496-CB2E0315FE48}.Debug|x86.ActiveCfg = Debug|Win32
		{96AC5DE8-659F-48B3-9496-CB2E0315FE48}.Debug|x86.Build.0 = Debug|Win32
		{96AC5DE8-659F-48B3-9496-CB2E0315FE48}.Release|x64.ActiveCfg = Release|x64
		{96AC5DE8-659F-48B3-9496-CB2E0315FE48}.Release|x64.Build.0 = Release|x64
		{96AC5DE8-659F-48B3-9496-CB2E0315FE48}.Release|x86.ActiveCfg = Release|Win32
		{96AC5DE8-659F-48B3-9496-CB2E0315FE48}.Release|x86.Build.0 = Release|Win32
		{B12702AD-ABFB-343A-A199-8E24837244A3}.Debug|x64.ActiveCfg = Debug|x64
		{B12702AD-ABFB-343A-A199-8E24837244A3}.Debug|x64.Build.0 = Debug|x64
		{B12702AD-ABFB-343A-A199-8E24837244A3}.Debug|x86.ActiveCfg = Debug|x64
		{B12702AD-ABFB-343A-A199-8E24837244A3}.Release|x64.ActiveCfg = Release|x64
		{B12702AD-ABFB-343A-A199-8E24837244A3}.Release|x64.Build.0 = Release|x64
		{B12702AD-ABFB-343A-A199-8E24837244A3}.Release|x86.ActiveCfg = Release|x64
	EndGlobalSection
	GlobalSection(SolutionProperties) = preSolution
		HideSolutionNode = FALSE
	EndGlobalSection
	GlobalSection(ExtensibilityGlobals) = postSolution
		SolutionGuid = {84B97D84-0DBA-44A6-9919-2DE7F44D62D0}
	EndGlobalSection
EndGlobal
